
Microsoft Visual Studio Solution File, Format Version 12.00
# Visual Studio 2013
VisualStudioVersion = 12.0.30501.0
MinimumVisualStudioVersion = 10.0.40219.1
Project("{FAE04EC0-301F-11D3-BF4B-00C04F79EFBC}") = "TagLib.Portable", "TagLib.Portable\TagLib.Portable.csproj", "{B809ED4C-623A-46A2-8D33-1D742FA0AB8A}"
EndProject
Project("{D954291E-2A0B-460D-934E-DC6B0785DB48}") = "TagLib.Shared", "TagLib.Shared\TagLib.Shared.shproj", "{3D52D490-5C15-4E67-A1EE-4337835103AC}"
EndProject
Global
	GlobalSection(SharedMSBuildProjectFiles) = preSolution
		TagLib.Shared\TagLib.Shared.projitems*{b809ed4c-623a-46a2-8d33-1d742fa0ab8a}*SharedItemsImports = 4
		TagLib.Shared\TagLib.Shared.projitems*{3d52d490-5c15-4e67-a1ee-4337835103ac}*SharedItemsImports = 13
	EndGlobalSection
	GlobalSection(SolutionConfigurationPlatforms) = preSolution
		Debug|Any CPU = Debug|Any CPU
		Release|Any CPU = Release|Any CPU
	EndGlobalSection
	GlobalSection(ProjectConfigurationPlatforms) = postSolution
		{B809ED4C-623A-46A2-8D33-1D742FA0AB8A}.Debug|Any CPU.ActiveCfg = Debug|Any CPU
		{B809ED4C-623A-46A2-8D33-1D742FA0AB8A}.Debug|Any CPU.Build.0 = Debug|Any CPU
		{B809ED4C-623A-46A2-8D33-1D742FA0AB8A}.Release|Any CPU.ActiveCfg = Release|Any CPU
		{B809ED4C-623A-46A2-8D33-1D742FA0AB8A}.Release|Any CPU.Build.0 = Release|Any CPU
	EndGlobalSection
	GlobalSection(SolutionProperties) = preSolution
		HideSolutionNode = FALSE
	EndGlobalSection
EndGlobal
