
Microsoft Visual Studio Solution File, Format Version 12.00
# Visual Studio 15
VisualStudioVersion = 15.0.27004.2010
MinimumVisualStudioVersion = 10.0.40219.1
Project("{FAE04EC0-301F-11D3-BF4B-00C04F79EFBC}") = "TagLib.Portable", "TagLib.Portable\TagLib.Portable.csproj", "{B809ED4C-623A-46A2-8D33-1D742FA0AB8A}"
EndProject
Project("{D954291E-2A0B-460D-934E-DC6B0785DB48}") = "TagLib.Shared", "TagLib.Shared\TagLib.Shared.shproj", "{3D52D490-5C15-4E67-A1EE-4337835103AC}"
EndProject
Project("{FAE04EC0-301F-11D3-BF4B-00C04F79EFBC}") = "TagLib.Tests", "TagLib.Tests\TagLib.Tests.csproj", "{60A9B640-E82A-484D-AE06-FAF3CBA04B59}"
EndProject
Project("{FAE04EC0-301F-11D3-BF4B-00C04F79EFBC}") = "TagLib.Standard", "TagLib.Standard\TagLib.Standard.csproj", "{FEE974A7-9F5D-4C38-A970-27D49BCA8A75}"
EndProject
Global
	GlobalSection(SharedMSBuildProjectFiles) = preSolution
		TagLib.Shared\TagLib.Shared.projitems*{3d52d490-5c15-4e67-a1ee-4337835103ac}*SharedItemsImports = 13
		TagLib.Shared\TagLib.Shared.projitems*{b809ed4c-623a-46a2-8d33-1d742fa0ab8a}*SharedItemsImports = 4
	EndGlobalSection
	GlobalSection(SolutionConfigurationPlatforms) = preSolution
		Debug|Any CPU = Debug|Any CPU
		Release|Any CPU = Release|Any CPU
	EndGlobalSection
	GlobalSection(ProjectConfigurationPlatforms) = postSolution
		{B809ED4C-623A-46A2-8D33-1D742FA0AB8A}.Debug|Any CPU.ActiveCfg = Debug|Any CPU
		{B809ED4C-623A-46A2-8D33-1D742FA0AB8A}.Debug|Any CPU.Build.0 = Debug|Any CPU
		{B809ED4C-623A-46A2-8D33-1D742FA0AB8A}.Release|Any CPU.ActiveCfg = Release|Any CPU
		{B809ED4C-623A-46A2-8D33-1D742FA0AB8A}.Release|Any CPU.Build.0 = Release|Any CPU
		{60A9B640-E82A-484D-AE06-FAF3CBA04B59}.Debug|Any CPU.ActiveCfg = Debug|Any CPU
		{60A9B640-E82A-484D-AE06-FAF3CBA04B59}.Debug|Any CPU.Build.0 = Debug|Any CPU
		{60A9B640-E82A-484D-AE06-FAF3CBA04B59}.Release|Any CPU.ActiveCfg = Release|Any CPU
		{60A9B640-E82A-484D-AE06-FAF3CBA04B59}.Release|Any CPU.Build.0 = Release|Any CPU
		{FEE974A7-9F5D-4C38-A970-27D49BCA8A75}.Debug|Any CPU.ActiveCfg = Debug|Any CPU
		{FEE974A7-9F5D-4C38-A970-27D49BCA8A75}.Debug|Any CPU.Build.0 = Debug|Any CPU
		{FEE974A7-9F5D-4C38-A970-27D49BCA8A75}.Release|Any CPU.ActiveCfg = Release|Any CPU
		{FEE974A7-9F5D-4C38-A970-27D49BCA8A75}.Release|Any CPU.Build.0 = Release|Any CPU
	EndGlobalSection
	GlobalSection(SolutionProperties) = preSolution
		HideSolutionNode = FALSE
	EndGlobalSection
	GlobalSection(ExtensibilityGlobals) = postSolution
		SolutionGuid = {260695E8-DBF3-4F55-BFE9-8D5F393E8F91}
	EndGlobalSection
EndGlobal
